
Microsoft Visual Studio Solution File, Format Version 12.00
# Visual Studio Version 17
VisualStudioVersion = 17.3.32819.101
MinimumVisualStudioVersion = 10.0.40219.1
Project("{FAE04EC0-301F-11D3-BF4B-00C04F79EFBC}") = "lab3_SPP", "SPP_lab3\lab3_SPP.csproj", "{A15B67EC-CC85-4D1E-A3F9-FD368FFAAF5C}"
EndProject
Global
	GlobalSection(SolutionConfigurationPlatforms) = preSolution
		Debug|Any CPU = Debug|Any CPU
		Release|Any CPU = Release|Any CPU
	EndGlobalSection
	GlobalSection(ProjectConfigurationPlatforms) = postSolution
		{A15B67EC-CC85-4D1E-A3F9-FD368FFAAF5C}.Debug|Any CPU.ActiveCfg = Debug|Any CPU
		{A15B67EC-CC85-4D1E-A3F9-FD368FFAAF5C}.Debug|Any CPU.Build.0 = Debug|Any CPU
		{A15B67EC-CC85-4D1E-A3F9-FD368FFAAF5C}.Release|Any CPU.ActiveCfg = Release|Any CPU
		{A15B67EC-CC85-4D1E-A3F9-FD368FFAAF5C}.Release|Any CPU.Build.0 = Release|Any CPU
	EndGlobalSection
	GlobalSection(SolutionProperties) = preSolution
		HideSolutionNode = FALSE
	EndGlobalSection
	GlobalSection(ExtensibilityGlobals) = postSolution
		SolutionGuid = {BD21F864-0629-4184-90F7-440C707A4972}
	EndGlobalSection
EndGlobal
